# THIS IS AN AUTOGENERATED FILE. DO NOT EDIT THIS FILE DIRECTLY.
# yarn lockfile v1


"@eskalacja/tmp-repro-dynamic-imports@1.0.0":
  version "1.0.0"
  resolved "https://registry.yarnpkg.com/@eskalacja/tmp-repro-dynamic-imports/-/tmp-repro-dynamic-imports-1.0.0.tgz#30158538c5939a6b29aed96a4ce6493b61655c30"
  integrity sha512-z9EKyXprMxUxzJFBKHC/mhYPODnbC9U3+tP07oyCc+0n5fduF8A91hXMTvXZwgd0Bq1H/nCYYd84KQme/GLNJw==
